
Microsoft Visual Studio Solution File, Format Version 12.00
# Visual Studio Version 16
VisualStudioVersion = 16.0.29920.165
MinimumVisualStudioVersion = 10.0.40219.1
Project("{FAE04EC0-301F-11D3-BF4B-00C04F79EFBC}") = "MyEcommerce2", "MyEcommerce2\MyEcommerce2.csproj", "{DC9827B7-F1DA-4E9A-AA2B-C6F036B70FAE}"
EndProject
Global
	GlobalSection(SolutionConfigurationPlatforms) = preSolution
		Debug|Any CPU = Debug|Any CPU
		Release|Any CPU = Release|Any CPU
	EndGlobalSection
	GlobalSection(ProjectConfigurationPlatforms) = postSolution
		{DC9827B7-F1DA-4E9A-AA2B-C6F036B70FAE}.Debug|Any CPU.ActiveCfg = Debug|Any CPU
		{DC9827B7-F1DA-4E9A-AA2B-C6F036B70FAE}.Debug|Any CPU.Build.0 = Debug|Any CPU
		{DC9827B7-F1DA-4E9A-AA2B-C6F036B70FAE}.Release|Any CPU.ActiveCfg = Release|Any CPU
		{DC9827B7-F1DA-4E9A-AA2B-C6F036B70FAE}.Release|Any CPU.Build.0 = Release|Any CPU
	EndGlobalSection
	GlobalSection(SolutionProperties) = preSolution
		HideSolutionNode = FALSE
	EndGlobalSection
	GlobalSection(ExtensibilityGlobals) = postSolution
		SolutionGuid = {4FE82716-250F-40D1-BD7B-8EDC2390A2B7}
	EndGlobalSection
EndGlobal
